
Microsoft Visual Studio Solution File, Format Version 12.00
# Visual Studio Version 17
VisualStudioVersion = 17.0.31903.59
MinimumVisualStudioVersion = 10.0.40219.1
Project("{2150E333-8FDC-42A3-9474-1A3956D46DE8}") = "src", "src", "{B0988FC9-67A9-4BF7-AB98-E8FEE2B90ADA}"
EndProject
Project("{FAE04EC0-301F-11D3-BF4B-00C04F79EFBC}") = "AuctionService", "src\AuctionService\AuctionService.csproj", "{72795E8C-845B-485F-BB0E-7F3A87F8EE66}"
EndProject
Project("{FAE04EC0-301F-11D3-BF4B-00C04F79EFBC}") = "SearchService", "src\SearchService\SearchService.csproj", "{8E43C461-73E7-4F58-B6BF-BADD34606A5E}"
EndProject
Project("{FAE04EC0-301F-11D3-BF4B-00C04F79EFBC}") = "Contracts", "src\Contracts\Contracts.csproj", "{CE4D0653-ACD1-4A8A-AB6C-D97BC3FF9CB0}"
EndProject
Project("{FAE04EC0-301F-11D3-BF4B-00C04F79EFBC}") = "IdentityService", "src\IdentityService\IdentityService.csproj", "{CDD9EE59-6C23-4CFE-B253-E1623A9F3826}"
EndProject
Project("{FAE04EC0-301F-11D3-BF4B-00C04F79EFBC}") = "GatewayService", "src\GatewayService\GatewayService.csproj", "{D276B040-919E-43C7-BE9C-01A1B13CD684}"
EndProject
Project("{2150E333-8FDC-42A3-9474-1A3956D46DE8}") = "tests", "tests", "{0AB3BF05-4346-4AA6-1389-037BE0695223}"
EndProject
Project("{FAE04EC0-301F-11D3-BF4B-00C04F79EFBC}") = "AuctionService.UnitTests", "tests\AuctionService.UnitTests\AuctionService.UnitTests.csproj", "{043C22AA-8ABF-4004-AB87-D9D42A821018}"
EndProject
Project("{FAE04EC0-301F-11D3-BF4B-00C04F79EFBC}") = "AuctionService.IntegrationTests", "tests\AuctionService.IntegrationTests\AuctionService.IntegrationTests.csproj", "{C0455C63-30F9-4598-B2B6-1E42E025ADF4}"
EndProject
Project("{FAE04EC0-301F-11D3-BF4B-00C04F79EFBC}") = "BiddingService", "src\BiddingService\BiddingService.csproj", "{9A37133E-6B30-498B-AB19-D6A7E6FE2BB9}"
EndProject
Global
	GlobalSection(SolutionConfigurationPlatforms) = preSolution
		Debug|Any CPU = Debug|Any CPU
		Debug|x64 = Debug|x64
		Debug|x86 = Debug|x86
		Release|Any CPU = Release|Any CPU
		Release|x64 = Release|x64
		Release|x86 = Release|x86
	EndGlobalSection
	GlobalSection(ProjectConfigurationPlatforms) = postSolution
		{72795E8C-845B-485F-BB0E-7F3A87F8EE66}.Debug|Any CPU.ActiveCfg = Debug|Any CPU
		{72795E8C-845B-485F-BB0E-7F3A87F8EE66}.Debug|Any CPU.Build.0 = Debug|Any CPU
		{72795E8C-845B-485F-BB0E-7F3A87F8EE66}.Debug|x64.ActiveCfg = Debug|Any CPU
		{72795E8C-845B-485F-BB0E-7F3A87F8EE66}.Debug|x64.Build.0 = Debug|Any CPU
		{72795E8C-845B-485F-BB0E-7F3A87F8EE66}.Debug|x86.ActiveCfg = Debug|Any CPU
		{72795E8C-845B-485F-BB0E-7F3A87F8EE66}.Debug|x86.Build.0 = Debug|Any CPU
		{72795E8C-845B-485F-BB0E-7F3A87F8EE66}.Release|Any CPU.ActiveCfg = Release|Any CPU
		{72795E8C-845B-485F-BB0E-7F3A87F8EE66}.Release|Any CPU.Build.0 = Release|Any CPU
		{72795E8C-845B-485F-BB0E-7F3A87F8EE66}.Release|x64.ActiveCfg = Release|Any CPU
		{72795E8C-845B-485F-BB0E-7F3A87F8EE66}.Release|x64.Build.0 = Release|Any CPU
		{72795E8C-845B-485F-BB0E-7F3A87F8EE66}.Release|x86.ActiveCfg = Release|Any CPU
		{72795E8C-845B-485F-BB0E-7F3A87F8EE66}.Release|x86.Build.0 = Release|Any CPU
		{8E43C461-73E7-4F58-B6BF-BADD34606A5E}.Debug|Any CPU.ActiveCfg = Debug|Any CPU
		{8E43C461-73E7-4F58-B6BF-BADD34606A5E}.Debug|Any CPU.Build.0 = Debug|Any CPU
		{8E43C461-73E7-4F58-B6BF-BADD34606A5E}.Debug|x64.ActiveCfg = Debug|Any CPU
		{8E43C461-73E7-4F58-B6BF-BADD34606A5E}.Debug|x64.Build.0 = Debug|Any CPU
		{8E43C461-73E7-4F58-B6BF-BADD34606A5E}.Debug|x86.ActiveCfg = Debug|Any CPU
		{8E43C461-73E7-4F58-B6BF-BADD34606A5E}.Debug|x86.Build.0 = Debug|Any CPU
		{8E43C461-73E7-4F58-B6BF-BADD34606A5E}.Release|Any CPU.ActiveCfg = Release|Any CPU
		{8E43C461-73E7-4F58-B6BF-BADD34606A5E}.Release|Any CPU.Build.0 = Release|Any CPU
		{8E43C461-73E7-4F58-B6BF-BADD34606A5E}.Release|x64.ActiveCfg = Release|Any CPU
		{8E43C461-73E7-4F58-B6BF-BADD34606A5E}.Release|x64.Build.0 = Release|Any CPU
		{8E43C461-73E7-4F58-B6BF-BADD34606A5E}.Release|x86.ActiveCfg = Release|Any CPU
		{8E43C461-73E7-4F58-B6BF-BADD34606A5E}.Release|x86.Build.0 = Release|Any CPU
		{CE4D0653-ACD1-4A8A-AB6C-D97BC3FF9CB0}.Debug|Any CPU.ActiveCfg = Debug|Any CPU
		{CE4D0653-ACD1-4A8A-AB6C-D97BC3FF9CB0}.Debug|Any CPU.Build.0 = Debug|Any CPU
		{CE4D0653-ACD1-4A8A-AB6C-D97BC3FF9CB0}.Debug|x64.ActiveCfg = Debug|Any CPU
		{CE4D0653-ACD1-4A8A-AB6C-D97BC3FF9CB0}.Debug|x64.Build.0 = Debug|Any CPU
		{CE4D0653-ACD1-4A8A-AB6C-D97BC3FF9CB0}.Debug|x86.ActiveCfg = Debug|Any CPU
		{CE4D0653-ACD1-4A8A-AB6C-D97BC3FF9CB0}.Debug|x86.Build.0 = Debug|Any CPU
		{CE4D0653-ACD1-4A8A-AB6C-D97BC3FF9CB0}.Release|Any CPU.ActiveCfg = Release|Any CPU
		{CE4D0653-ACD1-4A8A-AB6C-D97BC3FF9CB0}.Release|Any CPU.Build.0 = Release|Any CPU
		{CE4D0653-ACD1-4A8A-AB6C-D97BC3FF9CB0}.Release|x64.ActiveCfg = Release|Any CPU
		{CE4D0653-ACD1-4A8A-AB6C-D97BC3FF9CB0}.Release|x64.Build.0 = Release|Any CPU
		{CE4D0653-ACD1-4A8A-AB6C-D97BC3FF9CB0}.Release|x86.ActiveCfg = Release|Any CPU
		{CE4D0653-ACD1-4A8A-AB6C-D97BC3FF9CB0}.Release|x86.Build.0 = Release|Any CPU
		{CDD9EE59-6C23-4CFE-B253-E1623A9F3826}.Debug|Any CPU.ActiveCfg = Debug|Any CPU
		{CDD9EE59-6C23-4CFE-B253-E1623A9F3826}.Debug|Any CPU.Build.0 = Debug|Any CPU
		{CDD9EE59-6C23-4CFE-B253-E1623A9F3826}.Debug|x64.ActiveCfg = Debug|Any CPU
		{CDD9EE59-6C23-4CFE-B253-E1623A9F3826}.Debug|x64.Build.0 = Debug|Any CPU
		{CDD9EE59-6C23-4CFE-B253-E1623A9F3826}.Debug|x86.ActiveCfg = Debug|Any CPU
		{CDD9EE59-6C23-4CFE-B253-E1623A9F3826}.Debug|x86.Build.0 = Debug|Any CPU
		{CDD9EE59-6C23-4CFE-B253-E1623A9F3826}.Release|Any CPU.ActiveCfg = Release|Any CPU
		{CDD9EE59-6C23-4CFE-B253-E1623A9F3826}.Release|Any CPU.Build.0 = Release|Any CPU
		{CDD9EE59-6C23-4CFE-B253-E1623A9F3826}.Release|x64.ActiveCfg = Release|Any CPU
		{CDD9EE59-6C23-4CFE-B253-E1623A9F3826}.Release|x64.Build.0 = Release|Any CPU
		{CDD9EE59-6C23-4CFE-B253-E1623A9F3826}.Release|x86.ActiveCfg = Release|Any CPU
		{CDD9EE59-6C23-4CFE-B253-E1623A9F3826}.Release|x86.Build.0 = Release|Any CPU
		{D276B040-919E-43C7-BE9C-01A1B13CD684}.Debug|Any CPU.ActiveCfg = Debug|Any CPU
		{D276B040-919E-43C7-BE9C-01A1B13CD684}.Debug|Any CPU.Build.0 = Debug|Any CPU
		{D276B040-919E-43C7-BE9C-01A1B13CD684}.Debug|x64.ActiveCfg = Debug|Any CPU
		{D276B040-919E-43C7-BE9C-01A1B13CD684}.Debug|x64.Build.0 = Debug|Any CPU
		{D276B040-919E-43C7-BE9C-01A1B13CD684}.Debug|x86.ActiveCfg = Debug|Any CPU
		{D276B040-919E-43C7-BE9C-01A1B13CD684}.Debug|x86.Build.0 = Debug|Any CPU
		{D276B040-919E-43C7-BE9C-01A1B13CD684}.Release|Any CPU.ActiveCfg = Release|Any CPU
		{D276B040-919E-43C7-BE9C-01A1B13CD684}.Release|Any CPU.Build.0 = Release|Any CPU
		{D276B040-919E-43C7-BE9C-01A1B13CD684}.Release|x64.ActiveCfg = Release|Any CPU
		{D276B040-919E-43C7-BE9C-01A1B13CD684}.Release|x64.Build.0 = Release|Any CPU
		{D276B040-919E-43C7-BE9C-01A1B13CD684}.Release|x86.ActiveCfg = Release|Any CPU
		{D276B040-919E-43C7-BE9C-01A1B13CD684}.Release|x86.Build.0 = Release|Any CPU
		{043C22AA-8ABF-4004-AB87-D9D42A821018}.Debug|Any CPU.ActiveCfg = Debug|Any CPU
		{043C22AA-8ABF-4004-AB87-D9D42A821018}.Debug|Any CPU.Build.0 = Debug|Any CPU
		{043C22AA-8ABF-4004-AB87-D9D42A821018}.Debug|x64.ActiveCfg = Debug|Any CPU
		{043C22AA-8ABF-4004-AB87-D9D42A821018}.Debug|x64.Build.0 = Debug|Any CPU
		{043C22AA-8ABF-4004-AB87-D9D42A821018}.Debug|x86.ActiveCfg = Debug|Any CPU
		{043C22AA-8ABF-4004-AB87-D9D42A821018}.Debug|x86.Build.0 = Debug|Any CPU
		{043C22AA-8ABF-4004-AB87-D9D42A821018}.Release|Any CPU.ActiveCfg = Release|Any CPU
		{043C22AA-8ABF-4004-AB87-D9D42A821018}.Release|Any CPU.Build.0 = Release|Any CPU
		{043C22AA-8ABF-4004-AB87-D9D42A821018}.Release|x64.ActiveCfg = Release|Any CPU
		{043C22AA-8ABF-4004-AB87-D9D42A821018}.Release|x64.Build.0 = Release|Any CPU
		{043C22AA-8ABF-4004-AB87-D9D42A821018}.Release|x86.ActiveCfg = Release|Any CPU
		{043C22AA-8ABF-4004-AB87-D9D42A821018}.Release|x86.Build.0 = Release|Any CPU
		{C0455C63-30F9-4598-B2B6-1E42E025ADF4}.Debug|Any CPU.ActiveCfg = Debug|Any CPU
		{C0455C63-30F9-4598-B2B6-1E42E025ADF4}.Debug|Any CPU.Build.0 = Debug|Any CPU
		{C0455C63-30F9-4598-B2B6-1E42E025ADF4}.Debug|x64.ActiveCfg = Debug|Any CPU
		{C0455C63-30F9-4598-B2B6-1E42E025ADF4}.Debug|x64.Build.0 = Debug|Any CPU
		{C0455C63-30F9-4598-B2B6-1E42E025ADF4}.Debug|x86.ActiveCfg = Debug|Any CPU
		{C0455C63-30F9-4598-B2B6-1E42E025ADF4}.Debug|x86.Build.0 = Debug|Any CPU
		{C0455C63-30F9-4598-B2B6-1E42E025ADF4}.Release|Any CPU.ActiveCfg = Release|Any CPU
		{C0455C63-30F9-4598-B2B6-1E42E025ADF4}.Release|Any CPU.Build.0 = Release|Any CPU
		{C0455C63-30F9-4598-B2B6-1E42E025ADF4}.Release|x64.ActiveCfg = Release|Any CPU
		{C0455C63-30F9-4598-B2B6-1E42E025ADF4}.Release|x64.Build.0 = Release|Any CPU
		{C0455C63-30F9-4598-B2B6-1E42E025ADF4}.Release|x86.ActiveCfg = Release|Any CPU
		{C0455C63-30F9-4598-B2B6-1E42E025ADF4}.Release|x86.Build.0 = Release|Any CPU
		{9A37133E-6B30-498B-AB19-D6A7E6FE2BB9}.Debug|Any CPU.ActiveCfg = Debug|Any CPU
		{9A37133E-6B30-498B-AB19-D6A7E6FE2BB9}.Debug|Any CPU.Build.0 = Debug|Any CPU
		{9A37133E-6B30-498B-AB19-D6A7E6FE2BB9}.Debug|x64.ActiveCfg = Debug|Any CPU
		{9A37133E-6B30-498B-AB19-D6A7E6FE2BB9}.Debug|x64.Build.0 = Debug|Any CPU
		{9A37133E-6B30-498B-AB19-D6A7E6FE2BB9}.Debug|x86.ActiveCfg = Debug|Any CPU
		{9A37133E-6B30-498B-AB19-D6A7E6FE2BB9}.Debug|x86.Build.0 = Debug|Any CPU
		{9A37133E-6B30-498B-AB19-D6A7E6FE2BB9}.Release|Any CPU.ActiveCfg = Release|Any CPU
		{9A37133E-6B30-498B-AB19-D6A7E6FE2BB9}.Release|Any CPU.Build.0 = Release|Any CPU
		{9A37133E-6B30-498B-AB19-D6A7E6FE2BB9}.Release|x64.ActiveCfg = Release|Any CPU
		{9A37133E-6B30-498B-AB19-D6A7E6FE2BB9}.Release|x64.Build.0 = Release|Any CPU
		{9A37133E-6B30-498B-AB19-D6A7E6FE2BB9}.Release|x86.ActiveCfg = Release|Any CPU
		{9A37133E-6B30-498B-AB19-D6A7E6FE2BB9}.Release|x86.Build.0 = Release|Any CPU
	EndGlobalSection
	GlobalSection(SolutionProperties) = preSolution
		HideSolutionNode = FALSE
	EndGlobalSection
	GlobalSection(NestedProjects) = preSolution
		{72795E8C-845B-485F-BB0E-7F3A87F8EE66} = {B0988FC9-67A9-4BF7-AB98-E8FEE2B90ADA}
		{8E43C461-73E7-4F58-B6BF-BADD34606A5E} = {B0988FC9-67A9-4BF7-AB98-E8FEE2B90ADA}
		{CE4D0653-ACD1-4A8A-AB6C-D97BC3FF9CB0} = {B0988FC9-67A9-4BF7-AB98-E8FEE2B90ADA}
		{CDD9EE59-6C23-4CFE-B253-E1623A9F3826} = {B0988FC9-67A9-4BF7-AB98-E8FEE2B90ADA}
		{D276B040-919E-43C7-BE9C-01A1B13CD684} = {B0988FC9-67A9-4BF7-AB98-E8FEE2B90ADA}
		{043C22AA-8ABF-4004-AB87-D9D42A821018} = {0AB3BF05-4346-4AA6-1389-037BE0695223}
		{C0455C63-30F9-4598-B2B6-1E42E025ADF4} = {0AB3BF05-4346-4AA6-1389-037BE0695223}
		{9A37133E-6B30-498B-AB19-D6A7E6FE2BB9} = {B0988FC9-67A9-4BF7-AB98-E8FEE2B90ADA}
	EndGlobalSection
EndGlobal
